// !$*UTF8*$!
{
	archiveVersion = 1;
	classes = {
	};
	objectVersion = 46;
	objects = {

/* Begin PBXBuildFile section */
		28796D521EDAD60C0007DAD3 /* DataSource.swift in Sources */ = {isa = PBXBuildFile; fileRef = 28796D511EDAD60C0007DAD3 /* DataSource.swift */; };
		28796D5C1EDAE4DB0007DAD3 /* Cascade.swift in Sources */ = {isa = PBXBuildFile; fileRef = 28796D5B1EDAE4DB0007DAD3 /* Cascade.swift */; };
		28796D5E1EDAE6BD0007DAD3 /* DemoViewController.swift in Sources */ = {isa = PBXBuildFile; fileRef = 28796D5D1EDAE6BD0007DAD3 /* DemoViewController.swift */; };
		28796D601EDAEA1E0007DAD3 /* UI.swift in Sources */ = {isa = PBXBuildFile; fileRef = 28796D5F1EDAEA1E0007DAD3 /* UI.swift */; };
		28796D621EDAED680007DAD3 /* Controller.swift in Sources */ = {isa = PBXBuildFile; fileRef = 28796D611EDAED680007DAD3 /* Controller.swift */; };
		28796D641EDAEEAC0007DAD3 /* FakeDataSourceFactory.swift in Sources */ = {isa = PBXBuildFile; fileRef = 28796D631EDAEEAC0007DAD3 /* FakeDataSourceFactory.swift */; };
		28FEBF9E1ED43DA500E7ADAD /* AppDelegate.swift in Sources */ = {isa = PBXBuildFile; fileRef = 28FEBF9D1ED43DA500E7ADAD /* AppDelegate.swift */; };
		28FEBFA31ED43DA500E7ADAD /* Main.storyboard in Resources */ = {isa = PBXBuildFile; fileRef = 28FEBFA11ED43DA500E7ADAD /* Main.storyboard */; };
		28FEBFA51ED43DA500E7ADAD /* Assets.xcassets in Resources */ = {isa = PBXBuildFile; fileRef = 28FEBFA41ED43DA500E7ADAD /* Assets.xcassets */; };
		28FEBFA81ED43DA500E7ADAD /* LaunchScreen.storyboard in Resources */ = {isa = PBXBuildFile; fileRef = 28FEBFA61ED43DA500E7ADAD /* LaunchScreen.storyboard */; };
		28FEBFB31ED43DA600E7ADAD /* CascadeTests.swift in Sources */ = {isa = PBXBuildFile; fileRef = 28FEBFB21ED43DA600E7ADAD /* CascadeTests.swift */; };
		C38C2F049114CD95E20E3843 /* Pods_CascadeTests.framework in Frameworks */ = {isa = PBXBuildFile; fileRef = 58FB737524F9F1EF327B7E7F /* Pods_CascadeTests.framework */; };
		DB924EE1C9F71E5CCE717B6C /* Pods_Cascade.framework in Frameworks */ = {isa = PBXBuildFile; fileRef = 146B614FAC4340C789809E9B /* Pods_Cascade.framework */; };
/* End PBXBuildFile section */

/* Begin PBXContainerItemProxy section */
		28FEBFAF1ED43DA600E7ADAD /* PBXContainerItemProxy */ = {
			isa = PBXContainerItemProxy;
			containerPortal = 28FEBF921ED43DA500E7ADAD /* Project object */;
			proxyType = 1;
			remoteGlobalIDString = 28FEBF991ED43DA500E7ADAD;
			remoteInfo = Cascade;
		};
/* End PBXContainerItemProxy section */

/* Begin PBXFileReference section */
		146B614FAC4340C789809E9B /* Pods_Cascade.framework */ = {isa = PBXFileReference; explicitFileType = wrapper.framework; includeInIndex = 0; path = Pods_Cascade.framework; sourceTree = BUILT_PRODUCTS_DIR; };
		28796D511EDAD60C0007DAD3 /* DataSource.swift */ = {isa = PBXFileReference; fileEncoding = 4; lastKnownFileType = sourcecode.swift; name = DataSource.swift; path = DataSourse/DataSource.swift; sourceTree = "<group>"; };
		28796D5B1EDAE4DB0007DAD3 /* Cascade.swift */ = {isa = PBXFileReference; fileEncoding = 4; lastKnownFileType = sourcecode.swift; path = Cascade.swift; sourceTree = "<group>"; };
		28796D5D1EDAE6BD0007DAD3 /* DemoViewController.swift */ = {isa = PBXFileReference; fileEncoding = 4; lastKnownFileType = sourcecode.swift; path = DemoViewController.swift; sourceTree = "<group>"; };
		28796D5F1EDAEA1E0007DAD3 /* UI.swift */ = {isa = PBXFileReference; fileEncoding = 4; lastKnownFileType = sourcecode.swift; name = UI.swift; path = UI/UI.swift; sourceTree = "<group>"; };
		28796D611EDAED680007DAD3 /* Controller.swift */ = {isa = PBXFileReference; fileEncoding = 4; lastKnownFileType = sourcecode.swift; name = Controller.swift; path = Controller/Controller.swift; sourceTree = "<group>"; };
		28796D631EDAEEAC0007DAD3 /* FakeDataSourceFactory.swift */ = {isa = PBXFileReference; fileEncoding = 4; lastKnownFileType = sourcecode.swift; name = FakeDataSourceFactory.swift; path = DataSourse/FakeDataSourceFactory.swift; sourceTree = "<group>"; };
		28FEBF9A1ED43DA500E7ADAD /* Cascade.app */ = {isa = PBXFileReference; explicitFileType = wrapper.application; includeInIndex = 0; path = Cascade.app; sourceTree = BUILT_PRODUCTS_DIR; };
		28FEBF9D1ED43DA500E7ADAD /* AppDelegate.swift */ = {isa = PBXFileReference; lastKnownFileType = sourcecode.swift; path = AppDelegate.swift; sourceTree = "<group>"; };
		28FEBFA21ED43DA500E7ADAD /* Base */ = {isa = PBXFileReference; lastKnownFileType = file.storyboard; name = Base; path = Base.lproj/Main.storyboard; sourceTree = "<group>"; };
		28FEBFA41ED43DA500E7ADAD /* Assets.xcassets */ = {isa = PBXFileReference; lastKnownFileType = folder.assetcatalog; path = Assets.xcassets; sourceTree = "<group>"; };
		28FEBFA71ED43DA500E7ADAD /* Base */ = {isa = PBXFileReference; lastKnownFileType = file.storyboard; name = Base; path = Base.lproj/LaunchScreen.storyboard; sourceTree = "<group>"; };
		28FEBFA91ED43DA500E7ADAD /* Info.plist */ = {isa = PBXFileReference; lastKnownFileType = text.plist.xml; path = Info.plist; sourceTree = "<group>"; };
		28FEBFAE1ED43DA600E7ADAD /* CascadeTests.xctest */ = {isa = PBXFileReference; explicitFileType = wrapper.cfbundle; includeInIndex = 0; path = CascadeTests.xctest; sourceTree = BUILT_PRODUCTS_DIR; };
		28FEBFB21ED43DA600E7ADAD /* CascadeTests.swift */ = {isa = PBXFileReference; lastKnownFileType = sourcecode.swift; path = CascadeTests.swift; sourceTree = "<group>"; };
		28FEBFB41ED43DA600E7ADAD /* Info.plist */ = {isa = PBXFileReference; lastKnownFileType = text.plist.xml; path = Info.plist; sourceTree = "<group>"; };
		54E44E105C5A6305BD90C526 /* Pods-CascadeTests.release.xcconfig */ = {isa = PBXFileReference; includeInIndex = 1; lastKnownFileType = text.xcconfig; name = "Pods-CascadeTests.release.xcconfig"; path = "Pods/Target Support Files/Pods-CascadeTests/Pods-CascadeTests.release.xcconfig"; sourceTree = "<group>"; };
		58FB737524F9F1EF327B7E7F /* Pods_CascadeTests.framework */ = {isa = PBXFileReference; explicitFileType = wrapper.framework; includeInIndex = 0; path = Pods_CascadeTests.framework; sourceTree = BUILT_PRODUCTS_DIR; };
		AC068CD77333D9DBFAD817D0 /* Pods-Cascade.release.xcconfig */ = {isa = PBXFileReference; includeInIndex = 1; lastKnownFileType = text.xcconfig; name = "Pods-Cascade.release.xcconfig"; path = "Pods/Target Support Files/Pods-Cascade/Pods-Cascade.release.xcconfig"; sourceTree = "<group>"; };
		C24B08148FC0EF0F7A71FD96 /* Pods-CascadeTests.debug.xcconfig */ = {isa = PBXFileReference; includeInIndex = 1; lastKnownFileType = text.xcconfig; name = "Pods-CascadeTests.debug.xcconfig"; path = "Pods/Target Support Files/Pods-CascadeTests/Pods-CascadeTests.debug.xcconfig"; sourceTree = "<group>"; };
		F3731AFF6CC97FB659493837 /* Pods-Cascade.debug.xcconfig */ = {isa = PBXFileReference; includeInIndex = 1; lastKnownFileType = text.xcconfig; name = "Pods-Cascade.debug.xcconfig"; path = "Pods/Target Support Files/Pods-Cascade/Pods-Cascade.debug.xcconfig"; sourceTree = "<group>"; };
/* End PBXFileReference section */

/* Begin PBXFrameworksBuildPhase section */
		28FEBF971ED43DA500E7ADAD /* Frameworks */ = {
			isa = PBXFrameworksBuildPhase;
			buildActionMask = 2147483647;
			files = (
				DB924EE1C9F71E5CCE717B6C /* Pods_Cascade.framework in Frameworks */,
			);
			runOnlyForDeploymentPostprocessing = 0;
		};
		28FEBFAB1ED43DA600E7ADAD /* Frameworks */ = {
			isa = PBXFrameworksBuildPhase;
			buildActionMask = 2147483647;
			files = (
				C38C2F049114CD95E20E3843 /* Pods_CascadeTests.framework in Frameworks */,
			);
			runOnlyForDeploymentPostprocessing = 0;
		};
/* End PBXFrameworksBuildPhase section */

/* Begin PBXGroup section */
		1E9A5234B5D3A02D0A3B33FA /* Frameworks */ = {
			isa = PBXGroup;
			children = (
				146B614FAC4340C789809E9B /* Pods_Cascade.framework */,
				58FB737524F9F1EF327B7E7F /* Pods_CascadeTests.framework */,
			);
			name = Frameworks;
			sourceTree = "<group>";
		};
		28796D4C1EDAD4240007DAD3 /* DataSource */ = {
			isa = PBXGroup;
			children = (
				28796D511EDAD60C0007DAD3 /* DataSource.swift */,
				28796D631EDAEEAC0007DAD3 /* FakeDataSourceFactory.swift */,
			);
			name = DataSource;
			sourceTree = "<group>";
		};
		28796D4D1EDAD4340007DAD3 /* Controller */ = {
			isa = PBXGroup;
			children = (
				28796D611EDAED680007DAD3 /* Controller.swift */,
			);
			name = Controller;
			sourceTree = "<group>";
		};
		28796D4E1EDAD44A0007DAD3 /* UI */ = {
			isa = PBXGroup;
			children = (
				28796D5F1EDAEA1E0007DAD3 /* UI.swift */,
			);
			name = UI;
			sourceTree = "<group>";
		};
		28FEBF911ED43DA500E7ADAD = {
			isa = PBXGroup;
			children = (
				28FEBF9C1ED43DA500E7ADAD /* Cascade */,
				28FEBFB11ED43DA600E7ADAD /* CascadeTests */,
				28FEBF9B1ED43DA500E7ADAD /* Products */,
				B62D7B99653EE9E18036BDB8 /* Pods */,
				1E9A5234B5D3A02D0A3B33FA /* Frameworks */,
			);
			sourceTree = "<group>";
		};
		28FEBF9B1ED43DA500E7ADAD /* Products */ = {
			isa = PBXGroup;
			children = (
				28FEBF9A1ED43DA500E7ADAD /* Cascade.app */,
				28FEBFAE1ED43DA600E7ADAD /* CascadeTests.xctest */,
			);
			name = Products;
			sourceTree = "<group>";
		};
		28FEBF9C1ED43DA500E7ADAD /* Cascade */ = {
			isa = PBXGroup;
			children = (
				28FEBF9D1ED43DA500E7ADAD /* AppDelegate.swift */,
				28796D5D1EDAE6BD0007DAD3 /* DemoViewController.swift */,
				28796D5B1EDAE4DB0007DAD3 /* Cascade.swift */,
				28796D4D1EDAD4340007DAD3 /* Controller */,
				28796D4C1EDAD4240007DAD3 /* DataSource */,
				28796D4E1EDAD44A0007DAD3 /* UI */,
				28FEBFA41ED43DA500E7ADAD /* Assets.xcassets */,
				28FEBFA91ED43DA500E7ADAD /* Info.plist */,
				28FEBFA61ED43DA500E7ADAD /* LaunchScreen.storyboard */,
				28FEBFA11ED43DA500E7ADAD /* Main.storyboard */,
			);
			path = Cascade;
			sourceTree = "<group>";
		};
		28FEBFB11ED43DA600E7ADAD /* CascadeTests */ = {
			isa = PBXGroup;
			children = (
				28FEBFB21ED43DA600E7ADAD /* CascadeTests.swift */,
				28FEBFB41ED43DA600E7ADAD /* Info.plist */,
			);
			path = CascadeTests;
			sourceTree = "<group>";
		};
		B62D7B99653EE9E18036BDB8 /* Pods */ = {
			isa = PBXGroup;
			children = (
				F3731AFF6CC97FB659493837 /* Pods-Cascade.debug.xcconfig */,
				AC068CD77333D9DBFAD817D0 /* Pods-Cascade.release.xcconfig */,
				C24B08148FC0EF0F7A71FD96 /* Pods-CascadeTests.debug.xcconfig */,
				54E44E105C5A6305BD90C526 /* Pods-CascadeTests.release.xcconfig */,
			);
			name = Pods;
			sourceTree = "<group>";
		};
/* End PBXGroup section */

/* Begin PBXNativeTarget section */
		28FEBF991ED43DA500E7ADAD /* Cascade */ = {
			isa = PBXNativeTarget;
			buildConfigurationList = 28FEBFB71ED43DA600E7ADAD /* Build configuration list for PBXNativeTarget "Cascade" */;
			buildPhases = (
				18A314DE44F4E976FCC282AE /* [CP] Check Pods Manifest.lock */,
				28FEBF961ED43DA500E7ADAD /* Sources */,
				28FEBF971ED43DA500E7ADAD /* Frameworks */,
				28FEBF981ED43DA500E7ADAD /* Resources */,
				184DD39842C75C2C18A259AF /* [CP] Embed Pods Frameworks */,
				CD7E9262ED6FE5D0E8662CB5 /* [CP] Copy Pods Resources */,
				28FEBFC21EDA20B100E7ADAD /* SwiftLint */,
			);
			buildRules = (
			);
			dependencies = (
			);
			name = Cascade;
			productName = Cascade;
			productReference = 28FEBF9A1ED43DA500E7ADAD /* Cascade.app */;
			productType = "com.apple.product-type.application";
		};
		28FEBFAD1ED43DA600E7ADAD /* CascadeTests */ = {
			isa = PBXNativeTarget;
			buildConfigurationList = 28FEBFBA1ED43DA600E7ADAD /* Build configuration list for PBXNativeTarget "CascadeTests" */;
			buildPhases = (
				5940549BA6CA19B645B84454 /* [CP] Check Pods Manifest.lock */,
				28FEBFAA1ED43DA600E7ADAD /* Sources */,
				28FEBFAB1ED43DA600E7ADAD /* Frameworks */,
				28FEBFAC1ED43DA600E7ADAD /* Resources */,
				15C9B2813358653870A863DE /* [CP] Embed Pods Frameworks */,
				C5EDCF3443373047933829D7 /* [CP] Copy Pods Resources */,
			);
			buildRules = (
			);
			dependencies = (
				28FEBFB01ED43DA600E7ADAD /* PBXTargetDependency */,
			);
			name = CascadeTests;
			productName = CascadeTests;
			productReference = 28FEBFAE1ED43DA600E7ADAD /* CascadeTests.xctest */;
			productType = "com.apple.product-type.bundle.unit-test";
		};
/* End PBXNativeTarget section */

/* Begin PBXProject section */
		28FEBF921ED43DA500E7ADAD /* Project object */ = {
			isa = PBXProject;
			attributes = {
				LastSwiftUpdateCheck = 0820;
				LastUpgradeCheck = 0820;
				ORGANIZATIONNAME = GridCascade;
				TargetAttributes = {
					28FEBF991ED43DA500E7ADAD = {
						CreatedOnToolsVersion = 8.2;
						LastSwiftMigration = 0820;
						ProvisioningStyle = Automatic;
					};
					28FEBFAD1ED43DA600E7ADAD = {
						CreatedOnToolsVersion = 8.2;
						ProvisioningStyle = Automatic;
						TestTargetID = 28FEBF991ED43DA500E7ADAD;
					};
				};
			};
			buildConfigurationList = 28FEBF951ED43DA500E7ADAD /* Build configuration list for PBXProject "Cascade" */;
			compatibilityVersion = "Xcode 3.2";
			developmentRegion = English;
			hasScannedForEncodings = 0;
			knownRegions = (
				en,
				Base,
			);
			mainGroup = 28FEBF911ED43DA500E7ADAD;
			productRefGroup = 28FEBF9B1ED43DA500E7ADAD /* Products */;
			projectDirPath = "";
			projectRoot = "";
			targets = (
				28FEBF991ED43DA500E7ADAD /* Cascade */,
				28FEBFAD1ED43DA600E7ADAD /* CascadeTests */,
			);
		};
/* End PBXProject section */

/* Begin PBXResourcesBuildPhase section */
		28FEBF981ED43DA500E7ADAD /* Resources */ = {
			isa = PBXResourcesBuildPhase;
			buildActionMask = 2147483647;
			files = (
				28FEBFA81ED43DA500E7ADAD /* LaunchScreen.storyboard in Resources */,
				28FEBFA51ED43DA500E7ADAD /* Assets.xcassets in Resources */,
				28FEBFA31ED43DA500E7ADAD /* Main.storyboard in Resources */,
			);
			runOnlyForDeploymentPostprocessing = 0;
		};
		28FEBFAC1ED43DA600E7ADAD /* Resources */ = {
			isa = PBXResourcesBuildPhase;
			buildActionMask = 2147483647;
			files = (
			);
			runOnlyForDeploymentPostprocessing = 0;
		};
/* End PBXResourcesBuildPhase section */

/* Begin PBXShellScriptBuildPhase section */
		15C9B2813358653870A863DE /* [CP] Embed Pods Frameworks */ = {
			isa = PBXShellScriptBuildPhase;
			buildActionMask = 2147483647;
			files = (
			);
			inputPaths = (
			);
			name = "[CP] Embed Pods Frameworks";
			outputPaths = (
			);
			runOnlyForDeploymentPostprocessing = 0;
			shellPath = /bin/sh;
			shellScript = "\"${SRCROOT}/Pods/Target Support Files/Pods-CascadeTests/Pods-CascadeTests-frameworks.sh\"\n";
			showEnvVarsInLog = 0;
		};
		184DD39842C75C2C18A259AF /* [CP] Embed Pods Frameworks */ = {
			isa = PBXShellScriptBuildPhase;
			buildActionMask = 2147483647;
			files = (
			);
			inputPaths = (
			);
			name = "[CP] Embed Pods Frameworks";
			outputPaths = (
			);
			runOnlyForDeploymentPostprocessing = 0;
			shellPath = /bin/sh;
			shellScript = "\"${SRCROOT}/Pods/Target Support Files/Pods-Cascade/Pods-Cascade-frameworks.sh\"\n";
			showEnvVarsInLog = 0;
		};
		18A314DE44F4E976FCC282AE /* [CP] Check Pods Manifest.lock */ = {
			isa = PBXShellScriptBuildPhase;
			buildActionMask = 2147483647;
			files = (
			);
			inputPaths = (
			);
			name = "[CP] Check Pods Manifest.lock";
			outputPaths = (
			);
			runOnlyForDeploymentPostprocessing = 0;
			shellPath = /bin/sh;
			shellScript = "diff \"${PODS_PODFILE_DIR_PATH}/Podfile.lock\" \"${PODS_ROOT}/Manifest.lock\" > /dev/null\nif [ $? != 0 ] ; then\n    # print error to STDERR\n    echo \"error: The sandbox is not in sync with the Podfile.lock. Run 'pod install' or update your CocoaPods installation.\" >&2\n    exit 1\nfi\n";
			showEnvVarsInLog = 0;
		};
		28FEBFC21EDA20B100E7ADAD /* SwiftLint */ = {
			isa = PBXShellScriptBuildPhase;
			buildActionMask = 2147483647;
			files = (
			);
			inputPaths = (
			);
			name = SwiftLint;
			outputPaths = (
			);
			runOnlyForDeploymentPostprocessing = 0;
			shellPath = /bin/sh;
			shellScript = "\"${PODS_ROOT}/SwiftLint/swiftlint\"";
		};
		5940549BA6CA19B645B84454 /* [CP] Check Pods Manifest.lock */ = {
			isa = PBXShellScriptBuildPhase;
			buildActionMask = 2147483647;
			files = (
			);
			inputPaths = (
			);
			name = "[CP] Check Pods Manifest.lock";
			outputPaths = (
			);
			runOnlyForDeploymentPostprocessing = 0;
			shellPath = /bin/sh;
			shellScript = "diff \"${PODS_PODFILE_DIR_PATH}/Podfile.lock\" \"${PODS_ROOT}/Manifest.lock\" > /dev/null\nif [ $? != 0 ] ; then\n    # print error to STDERR\n    echo \"error: The sandbox is not in sync with the Podfile.lock. Run 'pod install' or update your CocoaPods installation.\" >&2\n    exit 1\nfi\n";
			showEnvVarsInLog = 0;
		};
		C5EDCF3443373047933829D7 /* [CP] Copy Pods Resources */ = {
			isa = PBXShellScriptBuildPhase;
			buildActionMask = 2147483647;
			files = (
			);
			inputPaths = (
			);
			name = "[CP] Copy Pods Resources";
			outputPaths = (
			);
			runOnlyForDeploymentPostprocessing = 0;
			shellPath = /bin/sh;
			shellScript = "\"${SRCROOT}/Pods/Target Support Files/Pods-CascadeTests/Pods-CascadeTests-resources.sh\"\n";
			showEnvVarsInLog = 0;
		};
		CD7E9262ED6FE5D0E8662CB5 /* [CP] Copy Pods Resources */ = {
			isa = PBXShellScriptBuildPhase;
			buildActionMask = 2147483647;
			files = (
			);
			inputPaths = (
			);
			name = "[CP] Copy Pods Resources";
			outputPaths = (
			);
			runOnlyForDeploymentPostprocessing = 0;
			shellPath = /bin/sh;
			shellScript = "\"${SRCROOT}/Pods/Target Support Files/Pods-Cascade/Pods-Cascade-resources.sh\"\n";
			showEnvVarsInLog = 0;
		};
/* End PBXShellScriptBuildPhase section */

/* Begin PBXSourcesBuildPhase section */
		28FEBF961ED43DA500E7ADAD /* Sources */ = {
			isa = PBXSourcesBuildPhase;
			buildActionMask = 2147483647;
			files = (
				28796D5C1EDAE4DB0007DAD3 /* Cascade.swift in Sources */,
				28796D5E1EDAE6BD0007DAD3 /* DemoViewController.swift in Sources */,
				28796D641EDAEEAC0007DAD3 /* FakeDataSourceFactory.swift in Sources */,
				28796D521EDAD60C0007DAD3 /* DataSource.swift in Sources */,
				28796D621EDAED680007DAD3 /* Controller.swift in Sources */,
				28FEBF9E1ED43DA500E7ADAD /* AppDelegate.swift in Sources */,
				28796D601EDAEA1E0007DAD3 /* UI.swift in Sources */,
			);
			runOnlyForDeploymentPostprocessing = 0;
		};
		28FEBFAA1ED43DA600E7ADAD /* Sources */ = {
			isa = PBXSourcesBuildPhase;
			buildActionMask = 2147483647;
			files = (
				28FEBFB31ED43DA600E7ADAD /* CascadeTests.swift in Sources */,
			);
			runOnlyForDeploymentPostprocessing = 0;
		};
/* End PBXSourcesBuildPhase section */

/* Begin PBXTargetDependency section */
		28FEBFB01ED43DA600E7ADAD /* PBXTargetDependency */ = {
			isa = PBXTargetDependency;
			target = 28FEBF991ED43DA500E7ADAD /* Cascade */;
			targetProxy = 28FEBFAF1ED43DA600E7ADAD /* PBXContainerItemProxy */;
		};
/* End PBXTargetDependency section */

/* Begin PBXVariantGroup section */
		28FEBFA11ED43DA500E7ADAD /* Main.storyboard */ = {
			isa = PBXVariantGroup;
			children = (
				28FEBFA21ED43DA500E7ADAD /* Base */,
			);
			name = Main.storyboard;
			sourceTree = "<group>";
		};
		28FEBFA61ED43DA500E7ADAD /* LaunchScreen.storyboard */ = {
			isa = PBXVariantGroup;
			children = (
				28FEBFA71ED43DA500E7ADAD /* Base */,
			);
			name = LaunchScreen.storyboard;
			sourceTree = "<group>";
		};
/* End PBXVariantGroup section */

/* Begin XCBuildConfiguration section */
		28FEBFB51ED43DA600E7ADAD /* Debug */ = {
			isa = XCBuildConfiguration;
			buildSettings = {
				ALWAYS_SEARCH_USER_PATHS = NO;
				CLANG_ANALYZER_NONNULL = YES;
				CLANG_CXX_LANGUAGE_STANDARD = "gnu++0x";
				CLANG_CXX_LIBRARY = "libc++";
				CLANG_ENABLE_MODULES = YES;
				CLANG_ENABLE_OBJC_ARC = YES;
				CLANG_WARN_BOOL_CONVERSION = YES;
				CLANG_WARN_CONSTANT_CONVERSION = YES;
				CLANG_WARN_DIRECT_OBJC_ISA_USAGE = YES_ERROR;
				CLANG_WARN_DOCUMENTATION_COMMENTS = YES;
				CLANG_WARN_EMPTY_BODY = YES;
				CLANG_WARN_ENUM_CONVERSION = YES;
				CLANG_WARN_INFINITE_RECURSION = YES;
				CLANG_WARN_INT_CONVERSION = YES;
				CLANG_WARN_OBJC_ROOT_CLASS = YES_ERROR;
				CLANG_WARN_SUSPICIOUS_MOVE = YES;
				CLANG_WARN_UNREACHABLE_CODE = YES;
				CLANG_WARN__ARC_BRIDGE_CAST_NONARC = NO;
				CLANG_WARN__DUPLICATE_METHOD_MATCH = YES;
				"CODE_SIGN_IDENTITY[sdk=iphoneos*]" = "iPhone Developer";
				COPY_PHASE_STRIP = NO;
				DEBUG_INFORMATION_FORMAT = dwarf;
				ENABLE_STRICT_OBJC_MSGSEND = YES;
				ENABLE_TESTABILITY = YES;
				GCC_C_LANGUAGE_STANDARD = gnu99;
				GCC_DYNAMIC_NO_PIC = NO;
				GCC_NO_COMMON_BLOCKS = YES;
				GCC_OPTIMIZATION_LEVEL = 0;
				GCC_PREPROCESSOR_DEFINITIONS = (
					"DEBUG=1",
					"$(inherited)",
				);
				GCC_WARN_64_TO_32_BIT_CONVERSION = YES;
				GCC_WARN_ABOUT_RETURN_TYPE = YES_ERROR;
				GCC_WARN_UNDECLARED_SELECTOR = YES;
				GCC_WARN_UNINITIALIZED_AUTOS = YES_AGGRESSIVE;
				GCC_WARN_UNUSED_FUNCTION = YES;
				GCC_WARN_UNUSED_VARIABLE = YES;
				IPHONEOS_DEPLOYMENT_TARGET = 10.2;
				MTL_ENABLE_DEBUG_INFO = YES;
				ONLY_ACTIVE_ARCH = YES;
				SDKROOT = iphoneos;
				SWIFT_ACTIVE_COMPILATION_CONDITIONS = DEBUG;
				SWIFT_INSTALL_OBJC_HEADER = NO;
				SWIFT_OPTIMIZATION_LEVEL = "-Onone";
				TARGETED_DEVICE_FAMILY = "1,2";
			};
			name = Debug;
		};
		28FEBFB61ED43DA600E7ADAD /* Release */ = {
			isa = XCBuildConfiguration;
			buildSettings = {
				ALWAYS_SEARCH_USER_PATHS = NO;
				CLANG_ANALYZER_NONNULL = YES;
				CLANG_CXX_LANGUAGE_STANDARD = "gnu++0x";
				CLANG_CXX_LIBRARY = "libc++";
				CLANG_ENABLE_MODULES = YES;
				CLANG_ENABLE_OBJC_ARC = YES;
				CLANG_WARN_BOOL_CONVERSION = YES;
				CLANG_WARN_CONSTANT_CONVERSION = YES;
				CLANG_WARN_DIRECT_OBJC_ISA_USAGE = YES_ERROR;
				CLANG_WARN_DOCUMENTATION_COMMENTS = YES;
				CLANG_WARN_EMPTY_BODY = YES;
				CLANG_WARN_ENUM_CONVERSION = YES;
				CLANG_WARN_INFINITE_RECURSION = YES;
				CLANG_WARN_INT_CONVERSION = YES;
				CLANG_WARN_OBJC_ROOT_CLASS = YES_ERROR;
				CLANG_WARN_SUSPICIOUS_MOVE = YES;
				CLANG_WARN_UNREACHABLE_CODE = YES;
				CLANG_WARN__ARC_BRIDGE_CAST_NONARC = NO;
				CLANG_WARN__DUPLICATE_METHOD_MATCH = YES;
				"CODE_SIGN_IDENTITY[sdk=iphoneos*]" = "iPhone Developer";
				COPY_PHASE_STRIP = NO;
				DEBUG_INFORMATION_FORMAT = "dwarf-with-dsym";
				ENABLE_NS_ASSERTIONS = NO;
				ENABLE_STRICT_OBJC_MSGSEND = YES;
				GCC_C_LANGUAGE_STANDARD = gnu99;
				GCC_NO_COMMON_BLOCKS = YES;
				GCC_WARN_64_TO_32_BIT_CONVERSION = YES;
				GCC_WARN_ABOUT_RETURN_TYPE = YES_ERROR;
				GCC_WARN_UNDECLARED_SELECTOR = YES;
				GCC_WARN_UNINITIALIZED_AUTOS = YES_AGGRESSIVE;
				GCC_WARN_UNUSED_FUNCTION = YES;
				GCC_WARN_UNUSED_VARIABLE = YES;
				IPHONEOS_DEPLOYMENT_TARGET = 10.2;
				MTL_ENABLE_DEBUG_INFO = NO;
				SDKROOT = iphoneos;
				SWIFT_INSTALL_OBJC_HEADER = NO;
				SWIFT_OPTIMIZATION_LEVEL = "-Owholemodule";
				TARGETED_DEVICE_FAMILY = "1,2";
				VALIDATE_PRODUCT = YES;
			};
			name = Release;
		};
		28FEBFB81ED43DA600E7ADAD /* Debug */ = {
			isa = XCBuildConfiguration;
			baseConfigurationReference = F3731AFF6CC97FB659493837 /* Pods-Cascade.debug.xcconfig */;
			buildSettings = {
				ASSETCATALOG_COMPILER_APPICON_NAME = AppIcon;
				CLANG_ENABLE_MODULES = YES;
				DEVELOPMENT_TEAM = "";
				INFOPLIST_FILE = Cascade/Info.plist;
				LD_RUNPATH_SEARCH_PATHS = "$(inherited) @executable_path/Frameworks";
				PRODUCT_BUNDLE_IDENTIFIER = GC.Cascade;
				PRODUCT_NAME = "$(TARGET_NAME)";
				SWIFT_OPTIMIZATION_LEVEL = "-Onone";
				SWIFT_VERSION = 3.0;
			};
			name = Debug;
		};
		28FEBFB91ED43DA600E7ADAD /* Release */ = {
			isa = XCBuildConfiguration;
			baseConfigurationReference = AC068CD77333D9DBFAD817D0 /* Pods-Cascade.release.xcconfig */;
			buildSettings = {
				ASSETCATALOG_COMPILER_APPICON_NAME = AppIcon;
				CLANG_ENABLE_MODULES = YES;
				DEVELOPMENT_TEAM = "";
				INFOPLIST_FILE = Cascade/Info.plist;
				LD_RUNPATH_SEARCH_PATHS = "$(inherited) @executable_path/Frameworks";
				PRODUCT_BUNDLE_IDENTIFIER = GC.Cascade;
				PRODUCT_NAME = "$(TARGET_NAME)";
				SWIFT_VERSION = 3.0;
			};
			name = Release;
		};
		28FEBFBB1ED43DA600E7ADAD /* Debug */ = {
			isa = XCBuildConfiguration;
			baseConfigurationReference = C24B08148FC0EF0F7A71FD96 /* Pods-CascadeTests.debug.xcconfig */;
			buildSettings = {
				ALWAYS_EMBED_SWIFT_STANDARD_LIBRARIES = YES;
				BUNDLE_LOADER = "$(TEST_HOST)";
				DEVELOPMENT_TEAM = "";
				INFOPLIST_FILE = CascadeTests/Info.plist;
				LD_RUNPATH_SEARCH_PATHS = "$(inherited) @executable_path/Frameworks @loader_path/Frameworks";
				PRODUCT_BUNDLE_IDENTIFIER = GC.CascadeTests;
				PRODUCT_NAME = "$(TARGET_NAME)";
				SWIFT_VERSION = 3.0;
				TEST_HOST = "$(BUILT_PRODUCTS_DIR)/Cascade.app/Cascade";
			};
			name = Debug;
		};
		28FEBFBC1ED43DA600E7ADAD /* Release */ = {
			isa = XCBuildConfiguration;
			baseConfigurationReference = 54E44E105C5A6305BD90C526 /* Pods-CascadeTests.release.xcconfig */;
			buildSettings = {
				ALWAYS_EMBED_SWIFT_STANDARD_LIBRARIES = YES;
				BUNDLE_LOADER = "$(TEST_HOST)";
				DEVELOPMENT_TEAM = "";
				INFOPLIST_FILE = CascadeTests/Info.plist;
				LD_RUNPATH_SEARCH_PATHS = "$(inherited) @executable_path/Frameworks @loader_path/Frameworks";
				PRODUCT_BUNDLE_IDENTIFIER = GC.CascadeTests;
				PRODUCT_NAME = "$(TARGET_NAME)";
				SWIFT_VERSION = 3.0;
				TEST_HOST = "$(BUILT_PRODUCTS_DIR)/Cascade.app/Cascade";
			};
			name = Release;
		};
/* End XCBuildConfiguration section */

/* Begin XCConfigurationList section */
		28FEBF951ED43DA500E7ADAD /* Build configuration list for PBXProject "Cascade" */ = {
			isa = XCConfigurationList;
			buildConfigurations = (
				28FEBFB51ED43DA600E7ADAD /* Debug */,
				28FEBFB61ED43DA600E7ADAD /* Release */,
			);
			defaultConfigurationIsVisible = 0;
			defaultConfigurationName = Release;
		};
		28FEBFB71ED43DA600E7ADAD /* Build configuration list for PBXNativeTarget "Cascade" */ = {
			isa = XCConfigurationList;
			buildConfigurations = (
				28FEBFB81ED43DA600E7ADAD /* Debug */,
				28FEBFB91ED43DA600E7ADAD /* Release */,
			);
			defaultConfigurationIsVisible = 0;
			defaultConfigurationName = Release;
		};
		28FEBFBA1ED43DA600E7ADAD /* Build configuration list for PBXNativeTarget "CascadeTests" */ = {
			isa = XCConfigurationList;
			buildConfigurations = (
				28FEBFBB1ED43DA600E7ADAD /* Debug */,
				28FEBFBC1ED43DA600E7ADAD /* Release */,
			);
			defaultConfigurationIsVisible = 0;
			defaultConfigurationName = Release;
		};
/* End XCConfigurationList section */
	};
	rootObject = 28FEBF921ED43DA500E7ADAD /* Project object */;
}
