PODS:
  - PureLayout (3.0.2)
  - SwiftLint (0.19.0)

DEPENDENCIES:
  - PureLayout
  - SwiftLint

SPEC CHECKSUMS:
  PureLayout: 4d550abe49a94f24c2808b9b95db9131685fe4cd
  SwiftLint: 3537a05b34060e78e7510f04fb7537d738247803

PODFILE CHECKSUM: f26e992124274d2c6a2de64ea7b8737fd9005453

COCOAPODS: 1.2.1
